{
  "name": "geolocation",
  "version": "1.0.0",
  "lockfileVersion": 1,
  "requires": true,
  "dependencies": {
    "google-geolocation": {
      "version": "1.0.2",
      "resolved": "https://registry.npmjs.org/google-geolocation/-/google-geolocation-1.0.2.tgz",
      "integrity": "sha512-EG8goMBSdTPHC8VBw60vzded+dgdb47YkZW/rssv2k/FeyghKRvmDJF5Bvxl4psuTD8JT7cY7CMP0pUeoWrnTg==",
      "requires": {
        "httpreq": "^0.4.24"
      }
    },
    "httpreq": {
      "version": "0.4.24",
      "resolved": "https://registry.npmjs.org/httpreq/-/httpreq-0.4.24.tgz",
      "integrity": "sha1-QzX/2CzZaWaKOUZckprGHWOTYn8="
    }
  }
}
